
Microsoft Visual Studio Solution File, Format Version 12.00
# Visual Studio Version 17
VisualStudioVersion = 17.3.32804.467
MinimumVisualStudioVersion = 10.0.40219.1
Project("{FAE04EC0-301F-11D3-BF4B-00C04F79EFBC}") = "Assignment_3", "Assignment_3\Assignment_3.csproj", "{D85828AF-E904-4333-BE48-7E90174BC979}"
EndProject
Global
	GlobalSection(SolutionConfigurationPlatforms) = preSolution
		Debug|Any CPU = Debug|Any CPU
		Release|Any CPU = Release|Any CPU
	EndGlobalSection
	GlobalSection(ProjectConfigurationPlatforms) = postSolution
		{D85828AF-E904-4333-BE48-7E90174BC979}.Debug|Any CPU.ActiveCfg = Debug|Any CPU
		{D85828AF-E904-4333-BE48-7E90174BC979}.Debug|Any CPU.Build.0 = Debug|Any CPU
		{D85828AF-E904-4333-BE48-7E90174BC979}.Release|Any CPU.ActiveCfg = Release|Any CPU
		{D85828AF-E904-4333-BE48-7E90174BC979}.Release|Any CPU.Build.0 = Release|Any CPU
	EndGlobalSection
	GlobalSection(SolutionProperties) = preSolution
		HideSolutionNode = FALSE
	EndGlobalSection
	GlobalSection(ExtensibilityGlobals) = postSolution
		SolutionGuid = {9343B7A1-EF83-4E0B-8C9E-D0B44DB8368F}
	EndGlobalSection
EndGlobal
