
Microsoft Visual Studio Solution File, Format Version 12.00
# Visual Studio Version 17
VisualStudioVersion = 17.7.34024.191
MinimumVisualStudioVersion = 10.0.40219.1
Project("{FAE04EC0-301F-11D3-BF4B-00C04F79EFBC}") = "Assignment_2", "Assignment_2\Assignment_2.csproj", "{FC94FDC7-EDD0-44D6-A137-9029DCFF07FA}"
EndProject
Global
	GlobalSection(SolutionConfigurationPlatforms) = preSolution
		Debug|Any CPU = Debug|Any CPU
		Release|Any CPU = Release|Any CPU
	EndGlobalSection
	GlobalSection(ProjectConfigurationPlatforms) = postSolution
		{FC94FDC7-EDD0-44D6-A137-9029DCFF07FA}.Debug|Any CPU.ActiveCfg = Debug|Any CPU
		{FC94FDC7-EDD0-44D6-A137-9029DCFF07FA}.Debug|Any CPU.Build.0 = Debug|Any CPU
		{FC94FDC7-EDD0-44D6-A137-9029DCFF07FA}.Release|Any CPU.ActiveCfg = Release|Any CPU
		{FC94FDC7-EDD0-44D6-A137-9029DCFF07FA}.Release|Any CPU.Build.0 = Release|Any CPU
	EndGlobalSection
	GlobalSection(SolutionProperties) = preSolution
		HideSolutionNode = FALSE
	EndGlobalSection
	GlobalSection(ExtensibilityGlobals) = postSolution
		SolutionGuid = {CFEDECAC-C252-4FE0-8330-639567E7E6C4}
	EndGlobalSection
EndGlobal
